
Microsoft Visual Studio Solution File, Format Version 12.00
# Visual Studio 2015
Project("{FAE04EC0-301F-11D3-BF4B-00C04F79EFBC}") = "Challenge_Unity.CSharp", "Challenge_Unity.CSharp.csproj", "{2D9C4110-A5CA-75D6-A88C-492586539142}"
EndProject
Project("{FAE04EC0-301F-11D3-BF4B-00C04F79EFBC}") = "Challenge_Unity.CSharp.Editor", "Challenge_Unity.CSharp.Editor.csproj", "{ADA5454C-0C38-5681-AF4D-ED006E93FAA0}"
EndProject
Global
	GlobalSection(SolutionConfigurationPlatforms) = preSolution
		Debug|Any CPU = Debug|Any CPU
		Release|Any CPU = Release|Any CPU
	EndGlobalSection
	GlobalSection(ProjectConfigurationPlatforms) = postSolution
		{2D9C4110-A5CA-75D6-A88C-492586539142}.Debug|Any CPU.ActiveCfg = Debug|Any CPU
		{2D9C4110-A5CA-75D6-A88C-492586539142}.Debug|Any CPU.Build.0 = Debug|Any CPU
		{2D9C4110-A5CA-75D6-A88C-492586539142}.Release|Any CPU.ActiveCfg = Release|Any CPU
		{2D9C4110-A5CA-75D6-A88C-492586539142}.Release|Any CPU.Build.0 = Release|Any CPU
		{ADA5454C-0C38-5681-AF4D-ED006E93FAA0}.Debug|Any CPU.ActiveCfg = Debug|Any CPU
		{ADA5454C-0C38-5681-AF4D-ED006E93FAA0}.Debug|Any CPU.Build.0 = Debug|Any CPU
		{ADA5454C-0C38-5681-AF4D-ED006E93FAA0}.Release|Any CPU.ActiveCfg = Release|Any CPU
		{ADA5454C-0C38-5681-AF4D-ED006E93FAA0}.Release|Any CPU.Build.0 = Release|Any CPU
	EndGlobalSection
	GlobalSection(SolutionProperties) = preSolution
		HideSolutionNode = FALSE
	EndGlobalSection
EndGlobal
